// !$*UTF8*$!
{
	archiveVersion = 1;
	classes = {
	};
	objectVersion = 50;
	objects = {

/* Begin PBXBuildFile section */
		0503B39524FD0FEB00868538 /* Home.storyboard in Resources */ = {isa = PBXBuildFile; fileRef = 0503B39324FD0FEB00868538 /* Home.storyboard */; };
		0503B3A024FD10FD00868538 /* Profile.storyboard in Resources */ = {isa = PBXBuildFile; fileRef = 0503B39E24FD10FD00868538 /* Profile.storyboard */; };
		0503B3A924FD12F600868538 /* Live.storyboard in Resources */ = {isa = PBXBuildFile; fileRef = 0503B3A724FD12F600868538 /* Live.storyboard */; };
		0503B3AC24FD130B00868538 /* Follow.storyboard in Resources */ = {isa = PBXBuildFile; fileRef = 0503B3AA24FD130B00868538 /* Follow.storyboard */; };
		0503B3B024FD25D400868538 /* MainViewController.swift in Sources */ = {isa = PBXBuildFile; fileRef = 0503B3AF24FD25D400868538 /* MainViewController.swift */; };
		0503B3B824FD28DD00868538 /* HomeViewController.swift in Sources */ = {isa = PBXBuildFile; fileRef = 0503B3B724FD28DD00868538 /* HomeViewController.swift */; };
		0503B3BD24FD2DA100868538 /* UIBarButtonItem-Extension.swift in Sources */ = {isa = PBXBuildFile; fileRef = 0503B3BC24FD2DA100868538 /* UIBarButtonItem-Extension.swift */; };
		0503B3BF24FD35D400868538 /* PageTitleView.swift in Sources */ = {isa = PBXBuildFile; fileRef = 0503B3BE24FD35D400868538 /* PageTitleView.swift */; };
		0503B3C124FD379C00868538 /* Common.swift in Sources */ = {isa = PBXBuildFile; fileRef = 0503B3C024FD379C00868538 /* Common.swift */; };
		0503B3C324FD484300868538 /* PageContentView.swift in Sources */ = {isa = PBXBuildFile; fileRef = 0503B3C224FD484300868538 /* PageContentView.swift */; };
		0503B3C524FD4A8F00868538 /* UIColor+Extension.swift in Sources */ = {isa = PBXBuildFile; fileRef = 0503B3C424FD4A8F00868538 /* UIColor+Extension.swift */; };
		052E1C3E24FF3BC600EF6CF2 /* RecommendViewController.swift in Sources */ = {isa = PBXBuildFile; fileRef = 052E1C3D24FF3BC600EF6CF2 /* RecommendViewController.swift */; };
		052E1C4124FF458800EF6CF2 /* CollectionHeaderView.swift in Sources */ = {isa = PBXBuildFile; fileRef = 052E1C3F24FF458800EF6CF2 /* CollectionHeaderView.swift */; };
		052E1C4224FF458800EF6CF2 /* CollectionHeaderView.xib in Resources */ = {isa = PBXBuildFile; fileRef = 052E1C4024FF458800EF6CF2 /* CollectionHeaderView.xib */; };
		052E1C4524FF48F100EF6CF2 /* CollectionViewNormalCell.swift in Sources */ = {isa = PBXBuildFile; fileRef = 052E1C4324FF48F100EF6CF2 /* CollectionViewNormalCell.swift */; };
		052E1C4624FF48F100EF6CF2 /* CollectionViewNormalCell.xib in Resources */ = {isa = PBXBuildFile; fileRef = 052E1C4424FF48F100EF6CF2 /* CollectionViewNormalCell.xib */; };
		05E3104E24FCFF5200552629 /* AppDelegate.swift in Sources */ = {isa = PBXBuildFile; fileRef = 05E3104D24FCFF5200552629 /* AppDelegate.swift */; };
		05E3105524FCFF5200552629 /* Main.storyboard in Resources */ = {isa = PBXBuildFile; fileRef = 05E3105324FCFF5200552629 /* Main.storyboard */; };
		05E3105724FCFF5400552629 /* Assets.xcassets in Resources */ = {isa = PBXBuildFile; fileRef = 05E3105624FCFF5400552629 /* Assets.xcassets */; };
		05E3105A24FCFF5400552629 /* LaunchScreen.storyboard in Resources */ = {isa = PBXBuildFile; fileRef = 05E3105824FCFF5400552629 /* LaunchScreen.storyboard */; };
		05E3106524FCFF5400552629 /* YCDouYuZBTests.swift in Sources */ = {isa = PBXBuildFile; fileRef = 05E3106424FCFF5400552629 /* YCDouYuZBTests.swift */; };
		05E3107024FCFF5400552629 /* YCDouYuZBUITests.swift in Sources */ = {isa = PBXBuildFile; fileRef = 05E3106F24FCFF5400552629 /* YCDouYuZBUITests.swift */; };
		05E3108524FD0C9300552629 /* SceneDelegate.swift in Sources */ = {isa = PBXBuildFile; fileRef = 05E3108424FD0C9300552629 /* SceneDelegate.swift */; };
/* End PBXBuildFile section */

/* Begin PBXContainerItemProxy section */
		05E3106124FCFF5400552629 /* PBXContainerItemProxy */ = {
			isa = PBXContainerItemProxy;
			containerPortal = 05E3104224FCFF5200552629 /* Project object */;
			proxyType = 1;
			remoteGlobalIDString = 05E3104924FCFF5200552629;
			remoteInfo = YCDouYuZB;
		};
		05E3106C24FCFF5400552629 /* PBXContainerItemProxy */ = {
			isa = PBXContainerItemProxy;
			containerPortal = 05E3104224FCFF5200552629 /* Project object */;
			proxyType = 1;
			remoteGlobalIDString = 05E3104924FCFF5200552629;
			remoteInfo = YCDouYuZB;
		};
/* End PBXContainerItemProxy section */

/* Begin PBXFileReference section */
		0503B39424FD0FEB00868538 /* Base */ = {isa = PBXFileReference; lastKnownFileType = file.storyboard; name = Base; path = YCDouYuZB/Classes/Main/Base.lproj/Home.storyboard; sourceTree = "<group>"; };
		0503B39F24FD10FD00868538 /* Base */ = {isa = PBXFileReference; lastKnownFileType = file.storyboard; name = Base; path = Base.lproj/Profile.storyboard; sourceTree = "<group>"; };
		0503B3A824FD12F600868538 /* Base */ = {isa = PBXFileReference; lastKnownFileType = file.storyboard; name = Base; path = YCDouYuZB/Base.lproj/Live.storyboard; sourceTree = "<group>"; };
		0503B3AB24FD130B00868538 /* Base */ = {isa = PBXFileReference; lastKnownFileType = file.storyboard; name = Base; path = YCDouYuZB/Classes/Main/Base.lproj/Follow.storyboard; sourceTree = "<group>"; };
		0503B3AF24FD25D400868538 /* MainViewController.swift */ = {isa = PBXFileReference; lastKnownFileType = sourcecode.swift; path = MainViewController.swift; sourceTree = "<group>"; };
		0503B3B724FD28DD00868538 /* HomeViewController.swift */ = {isa = PBXFileReference; lastKnownFileType = sourcecode.swift; path = HomeViewController.swift; sourceTree = "<group>"; };
		0503B3BC24FD2DA100868538 /* UIBarButtonItem-Extension.swift */ = {isa = PBXFileReference; lastKnownFileType = sourcecode.swift; path = "UIBarButtonItem-Extension.swift"; sourceTree = "<group>"; };
		0503B3BE24FD35D400868538 /* PageTitleView.swift */ = {isa = PBXFileReference; lastKnownFileType = sourcecode.swift; path = PageTitleView.swift; sourceTree = "<group>"; };
		0503B3C024FD379C00868538 /* Common.swift */ = {isa = PBXFileReference; lastKnownFileType = sourcecode.swift; path = Common.swift; sourceTree = "<group>"; };
		0503B3C224FD484300868538 /* PageContentView.swift */ = {isa = PBXFileReference; lastKnownFileType = sourcecode.swift; path = PageContentView.swift; sourceTree = "<group>"; };
		0503B3C424FD4A8F00868538 /* UIColor+Extension.swift */ = {isa = PBXFileReference; lastKnownFileType = sourcecode.swift; path = "UIColor+Extension.swift"; sourceTree = "<group>"; };
		052E1C3D24FF3BC600EF6CF2 /* RecommendViewController.swift */ = {isa = PBXFileReference; lastKnownFileType = sourcecode.swift; path = RecommendViewController.swift; sourceTree = "<group>"; };
		052E1C3F24FF458800EF6CF2 /* CollectionHeaderView.swift */ = {isa = PBXFileReference; lastKnownFileType = sourcecode.swift; path = CollectionHeaderView.swift; sourceTree = "<group>"; };
		052E1C4024FF458800EF6CF2 /* CollectionHeaderView.xib */ = {isa = PBXFileReference; lastKnownFileType = file.xib; path = CollectionHeaderView.xib; sourceTree = "<group>"; };
		052E1C4324FF48F100EF6CF2 /* CollectionViewNormalCell.swift */ = {isa = PBXFileReference; lastKnownFileType = sourcecode.swift; path = CollectionViewNormalCell.swift; sourceTree = "<group>"; };
		052E1C4424FF48F100EF6CF2 /* CollectionViewNormalCell.xib */ = {isa = PBXFileReference; lastKnownFileType = file.xib; path = CollectionViewNormalCell.xib; sourceTree = "<group>"; };
		05E3104A24FCFF5200552629 /* YCDouYuZB.app */ = {isa = PBXFileReference; explicitFileType = wrapper.application; includeInIndex = 0; path = YCDouYuZB.app; sourceTree = BUILT_PRODUCTS_DIR; };
		05E3104D24FCFF5200552629 /* AppDelegate.swift */ = {isa = PBXFileReference; lastKnownFileType = sourcecode.swift; path = AppDelegate.swift; sourceTree = "<group>"; };
		05E3105424FCFF5200552629 /* Base */ = {isa = PBXFileReference; lastKnownFileType = file.storyboard; name = Base; path = Base.lproj/Main.storyboard; sourceTree = "<group>"; };
		05E3105624FCFF5400552629 /* Assets.xcassets */ = {isa = PBXFileReference; lastKnownFileType = folder.assetcatalog; path = Assets.xcassets; sourceTree = "<group>"; };
		05E3105924FCFF5400552629 /* Base */ = {isa = PBXFileReference; lastKnownFileType = file.storyboard; name = Base; path = Base.lproj/LaunchScreen.storyboard; sourceTree = "<group>"; };
		05E3105B24FCFF5400552629 /* Info.plist */ = {isa = PBXFileReference; lastKnownFileType = text.plist.xml; path = Info.plist; sourceTree = "<group>"; };
		05E3106024FCFF5400552629 /* YCDouYuZBTests.xctest */ = {isa = PBXFileReference; explicitFileType = wrapper.cfbundle; includeInIndex = 0; path = YCDouYuZBTests.xctest; sourceTree = BUILT_PRODUCTS_DIR; };
		05E3106424FCFF5400552629 /* YCDouYuZBTests.swift */ = {isa = PBXFileReference; lastKnownFileType = sourcecode.swift; path = YCDouYuZBTests.swift; sourceTree = "<group>"; };
		05E3106624FCFF5400552629 /* Info.plist */ = {isa = PBXFileReference; lastKnownFileType = text.plist.xml; path = Info.plist; sourceTree = "<group>"; };
		05E3106B24FCFF5400552629 /* YCDouYuZBUITests.xctest */ = {isa = PBXFileReference; explicitFileType = wrapper.cfbundle; includeInIndex = 0; path = YCDouYuZBUITests.xctest; sourceTree = BUILT_PRODUCTS_DIR; };
		05E3106F24FCFF5400552629 /* YCDouYuZBUITests.swift */ = {isa = PBXFileReference; lastKnownFileType = sourcecode.swift; path = YCDouYuZBUITests.swift; sourceTree = "<group>"; };
		05E3107124FCFF5400552629 /* Info.plist */ = {isa = PBXFileReference; lastKnownFileType = text.plist.xml; path = Info.plist; sourceTree = "<group>"; };
		05E3108424FD0C9300552629 /* SceneDelegate.swift */ = {isa = PBXFileReference; fileEncoding = 4; lastKnownFileType = sourcecode.swift; path = SceneDelegate.swift; sourceTree = "<group>"; };
/* End PBXFileReference section */

/* Begin PBXFrameworksBuildPhase section */
		05E3104724FCFF5200552629 /* Frameworks */ = {
			isa = PBXFrameworksBuildPhase;
			buildActionMask = 2147483647;
			files = (
			);
			runOnlyForDeploymentPostprocessing = 0;
		};
		05E3105D24FCFF5400552629 /* Frameworks */ = {
			isa = PBXFrameworksBuildPhase;
			buildActionMask = 2147483647;
			files = (
			);
			runOnlyForDeploymentPostprocessing = 0;
		};
		05E3106824FCFF5400552629 /* Frameworks */ = {
			isa = PBXFrameworksBuildPhase;
			buildActionMask = 2147483647;
			files = (
			);
			runOnlyForDeploymentPostprocessing = 0;
		};
/* End PBXFrameworksBuildPhase section */

/* Begin PBXGroup section */
		0503B3B124FD283100868538 /* View */ = {
			isa = PBXGroup;
			children = (
				052E1C3F24FF458800EF6CF2 /* CollectionHeaderView.swift */,
				052E1C4024FF458800EF6CF2 /* CollectionHeaderView.xib */,
			);
			path = View;
			sourceTree = "<group>";
		};
		0503B3B224FD283100868538 /* Model */ = {
			isa = PBXGroup;
			children = (
			);
			path = Model;
			sourceTree = "<group>";
		};
		0503B3B324FD283100868538 /* Controller */ = {
			isa = PBXGroup;
			children = (
				0503B39324FD0FEB00868538 /* Home.storyboard */,
				0503B3B724FD28DD00868538 /* HomeViewController.swift */,
				052E1C3D24FF3BC600EF6CF2 /* RecommendViewController.swift */,
			);
			path = Controller;
			sourceTree = "<group>";
		};
		0503B3B424FD285C00868538 /* Model */ = {
			isa = PBXGroup;
			children = (
			);
			path = Model;
			sourceTree = "<group>";
		};
		0503B3B524FD285C00868538 /* View */ = {
			isa = PBXGroup;
			children = (
				0503B3BE24FD35D400868538 /* PageTitleView.swift */,
				0503B3C224FD484300868538 /* PageContentView.swift */,
				052E1C4324FF48F100EF6CF2 /* CollectionViewNormalCell.swift */,
				052E1C4424FF48F100EF6CF2 /* CollectionViewNormalCell.xib */,
			);
			path = View;
			sourceTree = "<group>";
		};
		0503B3B624FD285C00868538 /* ViewController */ = {
			isa = PBXGroup;
			children = (
				05E3105324FCFF5200552629 /* Main.storyboard */,
				0503B3AF24FD25D400868538 /* MainViewController.swift */,
			);
			path = ViewController;
			sourceTree = "<group>";
		};
		0503B3B924FD2D6B00868538 /* Extension */ = {
			isa = PBXGroup;
			children = (
				0503B3BC24FD2DA100868538 /* UIBarButtonItem-Extension.swift */,
				0503B3C424FD4A8F00868538 /* UIColor+Extension.swift */,
			);
			path = Extension;
			sourceTree = "<group>";
		};
		05E3104124FCFF5200552629 = {
			isa = PBXGroup;
			children = (
				05E3104C24FCFF5200552629 /* YCDouYuZB */,
				05E3106324FCFF5400552629 /* YCDouYuZBTests */,
				05E3106E24FCFF5400552629 /* YCDouYuZBUITests */,
				05E3104B24FCFF5200552629 /* Products */,
			);
			sourceTree = "<group>";
		};
		05E3104B24FCFF5200552629 /* Products */ = {
			isa = PBXGroup;
			children = (
				05E3104A24FCFF5200552629 /* YCDouYuZB.app */,
				05E3106024FCFF5400552629 /* YCDouYuZBTests.xctest */,
				05E3106B24FCFF5400552629 /* YCDouYuZBUITests.xctest */,
			);
			name = Products;
			sourceTree = "<group>";
		};
		05E3104C24FCFF5200552629 /* YCDouYuZB */ = {
			isa = PBXGroup;
			children = (
				05E3107D24FD056800552629 /* Classes */,
				05E3104D24FCFF5200552629 /* AppDelegate.swift */,
				05E3108424FD0C9300552629 /* SceneDelegate.swift */,
				05E3105624FCFF5400552629 /* Assets.xcassets */,
				05E3105824FCFF5400552629 /* LaunchScreen.storyboard */,
				05E3105B24FCFF5400552629 /* Info.plist */,
			);
			path = YCDouYuZB;
			sourceTree = "<group>";
		};
		05E3106324FCFF5400552629 /* YCDouYuZBTests */ = {
			isa = PBXGroup;
			children = (
				05E3106424FCFF5400552629 /* YCDouYuZBTests.swift */,
				05E3106624FCFF5400552629 /* Info.plist */,
			);
			path = YCDouYuZBTests;
			sourceTree = "<group>";
		};
		05E3106E24FCFF5400552629 /* YCDouYuZBUITests */ = {
			isa = PBXGroup;
			children = (
				05E3106F24FCFF5400552629 /* YCDouYuZBUITests.swift */,
				05E3107124FCFF5400552629 /* Info.plist */,
			);
			path = YCDouYuZBUITests;
			sourceTree = "<group>";
		};
		05E3107D24FD056800552629 /* Classes */ = {
			isa = PBXGroup;
			children = (
				05E3108324FD056800552629 /* Main */,
				05E3107E24FD056800552629 /* Home */,
				05E3108224FD056800552629 /* Live */,
				05E3108024FD056800552629 /* Follow */,
				05E3108124FD056800552629 /* Profile */,
				05E3107F24FD056800552629 /* Tools */,
			);
			path = Classes;
			sourceTree = "<group>";
		};
		05E3107E24FD056800552629 /* Home */ = {
			isa = PBXGroup;
			children = (
				0503B3B224FD283100868538 /* Model */,
				0503B3B124FD283100868538 /* View */,
				0503B3B324FD283100868538 /* Controller */,
			);
			path = Home;
			sourceTree = "<group>";
		};
		05E3107F24FD056800552629 /* Tools */ = {
			isa = PBXGroup;
			children = (
				0503B3B924FD2D6B00868538 /* Extension */,
				0503B3C024FD379C00868538 /* Common.swift */,
			);
			path = Tools;
			sourceTree = "<group>";
		};
		05E3108024FD056800552629 /* Follow */ = {
			isa = PBXGroup;
			children = (
				0503B3AA24FD130B00868538 /* Follow.storyboard */,
			);
			path = Follow;
			sourceTree = "<group>";
		};
		05E3108124FD056800552629 /* Profile */ = {
			isa = PBXGroup;
			children = (
				0503B39E24FD10FD00868538 /* Profile.storyboard */,
			);
			path = Profile;
			sourceTree = "<group>";
		};
		05E3108224FD056800552629 /* Live */ = {
			isa = PBXGroup;
			children = (
				0503B3A724FD12F600868538 /* Live.storyboard */,
			);
			path = Live;
			sourceTree = "<group>";
		};
		05E3108324FD056800552629 /* Main */ = {
			isa = PBXGroup;
			children = (
				0503B3B424FD285C00868538 /* Model */,
				0503B3B524FD285C00868538 /* View */,
				0503B3B624FD285C00868538 /* ViewController */,
			);
			path = Main;
			sourceTree = "<group>";
		};
/* End PBXGroup section */

/* Begin PBXNativeTarget section */
		05E3104924FCFF5200552629 /* YCDouYuZB */ = {
			isa = PBXNativeTarget;
			buildConfigurationList = 05E3107424FCFF5400552629 /* Build configuration list for PBXNativeTarget "YCDouYuZB" */;
			buildPhases = (
				05E3104624FCFF5200552629 /* Sources */,
				05E3104724FCFF5200552629 /* Frameworks */,
				05E3104824FCFF5200552629 /* Resources */,
			);
			buildRules = (
			);
			dependencies = (
			);
			name = YCDouYuZB;
			productName = YCDouYuZB;
			productReference = 05E3104A24FCFF5200552629 /* YCDouYuZB.app */;
			productType = "com.apple.product-type.application";
		};
		05E3105F24FCFF5400552629 /* YCDouYuZBTests */ = {
			isa = PBXNativeTarget;
			buildConfigurationList = 05E3107724FCFF5400552629 /* Build configuration list for PBXNativeTarget "YCDouYuZBTests" */;
			buildPhases = (
				05E3105C24FCFF5400552629 /* Sources */,
				05E3105D24FCFF5400552629 /* Frameworks */,
				05E3105E24FCFF5400552629 /* Resources */,
			);
			buildRules = (
			);
			dependencies = (
				05E3106224FCFF5400552629 /* PBXTargetDependency */,
			);
			name = YCDouYuZBTests;
			productName = YCDouYuZBTests;
			productReference = 05E3106024FCFF5400552629 /* YCDouYuZBTests.xctest */;
			productType = "com.apple.product-type.bundle.unit-test";
		};
		05E3106A24FCFF5400552629 /* YCDouYuZBUITests */ = {
			isa = PBXNativeTarget;
			buildConfigurationList = 05E3107A24FCFF5400552629 /* Build configuration list for PBXNativeTarget "YCDouYuZBUITests" */;
			buildPhases = (
				05E3106724FCFF5400552629 /* Sources */,
				05E3106824FCFF5400552629 /* Frameworks */,
				05E3106924FCFF5400552629 /* Resources */,
			);
			buildRules = (
			);
			dependencies = (
				05E3106D24FCFF5400552629 /* PBXTargetDependency */,
			);
			name = YCDouYuZBUITests;
			productName = YCDouYuZBUITests;
			productReference = 05E3106B24FCFF5400552629 /* YCDouYuZBUITests.xctest */;
			productType = "com.apple.product-type.bundle.ui-testing";
		};
/* End PBXNativeTarget section */

/* Begin PBXProject section */
		05E3104224FCFF5200552629 /* Project object */ = {
			isa = PBXProject;
			attributes = {
				LastSwiftUpdateCheck = 1160;
				LastUpgradeCheck = 1160;
				ORGANIZATIONNAME = renyichun;
				TargetAttributes = {
					05E3104924FCFF5200552629 = {
						CreatedOnToolsVersion = 11.6;
					};
					05E3105F24FCFF5400552629 = {
						CreatedOnToolsVersion = 11.6;
						TestTargetID = 05E3104924FCFF5200552629;
					};
					05E3106A24FCFF5400552629 = {
						CreatedOnToolsVersion = 11.6;
						TestTargetID = 05E3104924FCFF5200552629;
					};
				};
			};
			buildConfigurationList = 05E3104524FCFF5200552629 /* Build configuration list for PBXProject "YCDouYuZB" */;
			compatibilityVersion = "Xcode 9.3";
			developmentRegion = en;
			hasScannedForEncodings = 0;
			knownRegions = (
				en,
				Base,
			);
			mainGroup = 05E3104124FCFF5200552629;
			productRefGroup = 05E3104B24FCFF5200552629 /* Products */;
			projectDirPath = "";
			projectRoot = "";
			targets = (
				05E3104924FCFF5200552629 /* YCDouYuZB */,
				05E3105F24FCFF5400552629 /* YCDouYuZBTests */,
				05E3106A24FCFF5400552629 /* YCDouYuZBUITests */,
			);
		};
/* End PBXProject section */

/* Begin PBXResourcesBuildPhase section */
		05E3104824FCFF5200552629 /* Resources */ = {
			isa = PBXResourcesBuildPhase;
			buildActionMask = 2147483647;
			files = (
				05E3105A24FCFF5400552629 /* LaunchScreen.storyboard in Resources */,
				052E1C4224FF458800EF6CF2 /* CollectionHeaderView.xib in Resources */,
				05E3105724FCFF5400552629 /* Assets.xcassets in Resources */,
				05E3105524FCFF5200552629 /* Main.storyboard in Resources */,
				0503B39524FD0FEB00868538 /* Home.storyboard in Resources */,
				052E1C4624FF48F100EF6CF2 /* CollectionViewNormalCell.xib in Resources */,
				0503B3AC24FD130B00868538 /* Follow.storyboard in Resources */,
				0503B3A024FD10FD00868538 /* Profile.storyboard in Resources */,
				0503B3A924FD12F600868538 /* Live.storyboard in Resources */,
			);
			runOnlyForDeploymentPostprocessing = 0;
		};
		05E3105E24FCFF5400552629 /* Resources */ = {
			isa = PBXResourcesBuildPhase;
			buildActionMask = 2147483647;
			files = (
			);
			runOnlyForDeploymentPostprocessing = 0;
		};
		05E3106924FCFF5400552629 /* Resources */ = {
			isa = PBXResourcesBuildPhase;
			buildActionMask = 2147483647;
			files = (
			);
			runOnlyForDeploymentPostprocessing = 0;
		};
/* End PBXResourcesBuildPhase section */

/* Begin PBXSourcesBuildPhase section */
		05E3104624FCFF5200552629 /* Sources */ = {
			isa = PBXSourcesBuildPhase;
			buildActionMask = 2147483647;
			files = (
				0503B3BF24FD35D400868538 /* PageTitleView.swift in Sources */,
				052E1C4124FF458800EF6CF2 /* CollectionHeaderView.swift in Sources */,
				0503B3BD24FD2DA100868538 /* UIBarButtonItem-Extension.swift in Sources */,
				0503B3B024FD25D400868538 /* MainViewController.swift in Sources */,
				0503B3C524FD4A8F00868538 /* UIColor+Extension.swift in Sources */,
				052E1C4524FF48F100EF6CF2 /* CollectionViewNormalCell.swift in Sources */,
				0503B3C324FD484300868538 /* PageContentView.swift in Sources */,
				05E3104E24FCFF5200552629 /* AppDelegate.swift in Sources */,
				05E3108524FD0C9300552629 /* SceneDelegate.swift in Sources */,
				0503B3B824FD28DD00868538 /* HomeViewController.swift in Sources */,
				0503B3C124FD379C00868538 /* Common.swift in Sources */,
				052E1C3E24FF3BC600EF6CF2 /* RecommendViewController.swift in Sources */,
			);
			runOnlyForDeploymentPostprocessing = 0;
		};
		05E3105C24FCFF5400552629 /* Sources */ = {
			isa = PBXSourcesBuildPhase;
			buildActionMask = 2147483647;
			files = (
				05E3106524FCFF5400552629 /* YCDouYuZBTests.swift in Sources */,
			);
			runOnlyForDeploymentPostprocessing = 0;
		};
		05E3106724FCFF5400552629 /* Sources */ = {
			isa = PBXSourcesBuildPhase;
			buildActionMask = 2147483647;
			files = (
				05E3107024FCFF5400552629 /* YCDouYuZBUITests.swift in Sources */,
			);
			runOnlyForDeploymentPostprocessing = 0;
		};
/* End PBXSourcesBuildPhase section */

/* Begin PBXTargetDependency section */
		05E3106224FCFF5400552629 /* PBXTargetDependency */ = {
			isa = PBXTargetDependency;
			target = 05E3104924FCFF5200552629 /* YCDouYuZB */;
			targetProxy = 05E3106124FCFF5400552629 /* PBXContainerItemProxy */;
		};
		05E3106D24FCFF5400552629 /* PBXTargetDependency */ = {
			isa = PBXTargetDependency;
			target = 05E3104924FCFF5200552629 /* YCDouYuZB */;
			targetProxy = 05E3106C24FCFF5400552629 /* PBXContainerItemProxy */;
		};
/* End PBXTargetDependency section */

/* Begin PBXVariantGroup section */
		0503B39324FD0FEB00868538 /* Home.storyboard */ = {
			isa = PBXVariantGroup;
			children = (
				0503B39424FD0FEB00868538 /* Base */,
			);
			name = Home.storyboard;
			sourceTree = "<group>";
		};
		0503B39E24FD10FD00868538 /* Profile.storyboard */ = {
			isa = PBXVariantGroup;
			children = (
				0503B39F24FD10FD00868538 /* Base */,
			);
			name = Profile.storyboard;
			sourceTree = "<group>";
		};
		0503B3A724FD12F600868538 /* Live.storyboard */ = {
			isa = PBXVariantGroup;
			children = (
				0503B3A824FD12F600868538 /* Base */,
			);
			name = Live.storyboard;
			sourceTree = "<group>";
		};
		0503B3AA24FD130B00868538 /* Follow.storyboard */ = {
			isa = PBXVariantGroup;
			children = (
				0503B3AB24FD130B00868538 /* Base */,
			);
			name = Follow.storyboard;
			sourceTree = "<group>";
		};
		05E3105324FCFF5200552629 /* Main.storyboard */ = {
			isa = PBXVariantGroup;
			children = (
				05E3105424FCFF5200552629 /* Base */,
			);
			name = Main.storyboard;
			sourceTree = "<group>";
		};
		05E3105824FCFF5400552629 /* LaunchScreen.storyboard */ = {
			isa = PBXVariantGroup;
			children = (
				05E3105924FCFF5400552629 /* Base */,
			);
			name = LaunchScreen.storyboard;
			sourceTree = "<group>";
		};
/* End PBXVariantGroup section */

/* Begin XCBuildConfiguration section */
		05E3107224FCFF5400552629 /* Debug */ = {
			isa = XCBuildConfiguration;
			buildSettings = {
				ALWAYS_SEARCH_USER_PATHS = NO;
				CLANG_ANALYZER_NONNULL = YES;
				CLANG_ANALYZER_NUMBER_OBJECT_CONVERSION = YES_AGGRESSIVE;
				CLANG_CXX_LANGUAGE_STANDARD = "gnu++14";
				CLANG_CXX_LIBRARY = "libc++";
				CLANG_ENABLE_MODULES = YES;
				CLANG_ENABLE_OBJC_ARC = YES;
				CLANG_ENABLE_OBJC_WEAK = YES;
				CLANG_WARN_BLOCK_CAPTURE_AUTORELEASING = YES;
				CLANG_WARN_BOOL_CONVERSION = YES;
				CLANG_WARN_COMMA = YES;
				CLANG_WARN_CONSTANT_CONVERSION = YES;
				CLANG_WARN_DEPRECATED_OBJC_IMPLEMENTATIONS = YES;
				CLANG_WARN_DIRECT_OBJC_ISA_USAGE = YES_ERROR;
				CLANG_WARN_DOCUMENTATION_COMMENTS = YES;
				CLANG_WARN_EMPTY_BODY = YES;
				CLANG_WARN_ENUM_CONVERSION = YES;
				CLANG_WARN_INFINITE_RECURSION = YES;
				CLANG_WARN_INT_CONVERSION = YES;
				CLANG_WARN_NON_LITERAL_NULL_CONVERSION = YES;
				CLANG_WARN_OBJC_IMPLICIT_RETAIN_SELF = YES;
				CLANG_WARN_OBJC_LITERAL_CONVERSION = YES;
				CLANG_WARN_OBJC_ROOT_CLASS = YES_ERROR;
				CLANG_WARN_RANGE_LOOP_ANALYSIS = YES;
				CLANG_WARN_STRICT_PROTOTYPES = YES;
				CLANG_WARN_SUSPICIOUS_MOVE = YES;
				CLANG_WARN_UNGUARDED_AVAILABILITY = YES_AGGRESSIVE;
				CLANG_WARN_UNREACHABLE_CODE = YES;
				CLANG_WARN__DUPLICATE_METHOD_MATCH = YES;
				COPY_PHASE_STRIP = NO;
				DEBUG_INFORMATION_FORMAT = dwarf;
				ENABLE_STRICT_OBJC_MSGSEND = YES;
				ENABLE_TESTABILITY = YES;
				GCC_C_LANGUAGE_STANDARD = gnu11;
				GCC_DYNAMIC_NO_PIC = NO;
				GCC_NO_COMMON_BLOCKS = YES;
				GCC_OPTIMIZATION_LEVEL = 0;
				GCC_PREPROCESSOR_DEFINITIONS = (
					"DEBUG=1",
					"$(inherited)",
				);
				GCC_WARN_64_TO_32_BIT_CONVERSION = YES;
				GCC_WARN_ABOUT_RETURN_TYPE = YES_ERROR;
				GCC_WARN_UNDECLARED_SELECTOR = YES;
				GCC_WARN_UNINITIALIZED_AUTOS = YES_AGGRESSIVE;
				GCC_WARN_UNUSED_FUNCTION = YES;
				GCC_WARN_UNUSED_VARIABLE = YES;
				IPHONEOS_DEPLOYMENT_TARGET = 13.6;
				MTL_ENABLE_DEBUG_INFO = INCLUDE_SOURCE;
				MTL_FAST_MATH = YES;
				ONLY_ACTIVE_ARCH = YES;
				SDKROOT = iphoneos;
				SWIFT_ACTIVE_COMPILATION_CONDITIONS = DEBUG;
				SWIFT_OPTIMIZATION_LEVEL = "-Onone";
			};
			name = Debug;
		};
		05E3107324FCFF5400552629 /* Release */ = {
			isa = XCBuildConfiguration;
			buildSettings = {
				ALWAYS_SEARCH_USER_PATHS = NO;
				CLANG_ANALYZER_NONNULL = YES;
				CLANG_ANALYZER_NUMBER_OBJECT_CONVERSION = YES_AGGRESSIVE;
				CLANG_CXX_LANGUAGE_STANDARD = "gnu++14";
				CLANG_CXX_LIBRARY = "libc++";
				CLANG_ENABLE_MODULES = YES;
				CLANG_ENABLE_OBJC_ARC = YES;
				CLANG_ENABLE_OBJC_WEAK = YES;
				CLANG_WARN_BLOCK_CAPTURE_AUTORELEASING = YES;
				CLANG_WARN_BOOL_CONVERSION = YES;
				CLANG_WARN_COMMA = YES;
				CLANG_WARN_CONSTANT_CONVERSION = YES;
				CLANG_WARN_DEPRECATED_OBJC_IMPLEMENTATIONS = YES;
				CLANG_WARN_DIRECT_OBJC_ISA_USAGE = YES_ERROR;
				CLANG_WARN_DOCUMENTATION_COMMENTS = YES;
				CLANG_WARN_EMPTY_BODY = YES;
				CLANG_WARN_ENUM_CONVERSION = YES;
				CLANG_WARN_INFINITE_RECURSION = YES;
				CLANG_WARN_INT_CONVERSION = YES;
				CLANG_WARN_NON_LITERAL_NULL_CONVERSION = YES;
				CLANG_WARN_OBJC_IMPLICIT_RETAIN_SELF = YES;
				CLANG_WARN_OBJC_LITERAL_CONVERSION = YES;
				CLANG_WARN_OBJC_ROOT_CLASS = YES_ERROR;
				CLANG_WARN_RANGE_LOOP_ANALYSIS = YES;
				CLANG_WARN_STRICT_PROTOTYPES = YES;
				CLANG_WARN_SUSPICIOUS_MOVE = YES;
				CLANG_WARN_UNGUARDED_AVAILABILITY = YES_AGGRESSIVE;
				CLANG_WARN_UNREACHABLE_CODE = YES;
				CLANG_WARN__DUPLICATE_METHOD_MATCH = YES;
				COPY_PHASE_STRIP = NO;
				DEBUG_INFORMATION_FORMAT = "dwarf-with-dsym";
				ENABLE_NS_ASSERTIONS = NO;
				ENABLE_STRICT_OBJC_MSGSEND = YES;
				GCC_C_LANGUAGE_STANDARD = gnu11;
				GCC_NO_COMMON_BLOCKS = YES;
				GCC_WARN_64_TO_32_BIT_CONVERSION = YES;
				GCC_WARN_ABOUT_RETURN_TYPE = YES_ERROR;
				GCC_WARN_UNDECLARED_SELECTOR = YES;
				GCC_WARN_UNINITIALIZED_AUTOS = YES_AGGRESSIVE;
				GCC_WARN_UNUSED_FUNCTION = YES;
				GCC_WARN_UNUSED_VARIABLE = YES;
				IPHONEOS_DEPLOYMENT_TARGET = 13.6;
				MTL_ENABLE_DEBUG_INFO = NO;
				MTL_FAST_MATH = YES;
				SDKROOT = iphoneos;
				SWIFT_COMPILATION_MODE = wholemodule;
				SWIFT_OPTIMIZATION_LEVEL = "-O";
				VALIDATE_PRODUCT = YES;
			};
			name = Release;
		};
		05E3107524FCFF5400552629 /* Debug */ = {
			isa = XCBuildConfiguration;
			buildSettings = {
				ASSETCATALOG_COMPILER_APPICON_NAME = AppIcon;
				CODE_SIGN_STYLE = Automatic;
				DEVELOPMENT_TEAM = 6CL72GJYTJ;
				INFOPLIST_FILE = YCDouYuZB/Info.plist;
				IPHONEOS_DEPLOYMENT_TARGET = 8.0;
				LD_RUNPATH_SEARCH_PATHS = (
					"$(inherited)",
					"@executable_path/Frameworks",
				);
				PRODUCT_BUNDLE_IDENTIFIER = com.renyichun.YCDouYuZB;
				PRODUCT_NAME = "$(TARGET_NAME)";
				SWIFT_VERSION = 5.0;
				TARGETED_DEVICE_FAMILY = "1,2";
			};
			name = Debug;
		};
		05E3107624FCFF5400552629 /* Release */ = {
			isa = XCBuildConfiguration;
			buildSettings = {
				ASSETCATALOG_COMPILER_APPICON_NAME = AppIcon;
				CODE_SIGN_STYLE = Automatic;
				DEVELOPMENT_TEAM = 6CL72GJYTJ;
				INFOPLIST_FILE = YCDouYuZB/Info.plist;
				IPHONEOS_DEPLOYMENT_TARGET = 8.0;
				LD_RUNPATH_SEARCH_PATHS = (
					"$(inherited)",
					"@executable_path/Frameworks",
				);
				PRODUCT_BUNDLE_IDENTIFIER = com.renyichun.YCDouYuZB;
				PRODUCT_NAME = "$(TARGET_NAME)";
				SWIFT_VERSION = 5.0;
				TARGETED_DEVICE_FAMILY = "1,2";
			};
			name = Release;
		};
		05E3107824FCFF5400552629 /* Debug */ = {
			isa = XCBuildConfiguration;
			buildSettings = {
				ALWAYS_EMBED_SWIFT_STANDARD_LIBRARIES = YES;
				BUNDLE_LOADER = "$(TEST_HOST)";
				CODE_SIGN_STYLE = Automatic;
				INFOPLIST_FILE = YCDouYuZBTests/Info.plist;
				IPHONEOS_DEPLOYMENT_TARGET = 13.6;
				LD_RUNPATH_SEARCH_PATHS = (
					"$(inherited)",
					"@executable_path/Frameworks",
					"@loader_path/Frameworks",
				);
				PRODUCT_BUNDLE_IDENTIFIER = com.renyichun.YCDouYuZBTests;
				PRODUCT_NAME = "$(TARGET_NAME)";
				SWIFT_VERSION = 5.0;
				TARGETED_DEVICE_FAMILY = "1,2";
				TEST_HOST = "$(BUILT_PRODUCTS_DIR)/YCDouYuZB.app/YCDouYuZB";
			};
			name = Debug;
		};
		05E3107924FCFF5400552629 /* Release */ = {
			isa = XCBuildConfiguration;
			buildSettings = {
				ALWAYS_EMBED_SWIFT_STANDARD_LIBRARIES = YES;
				BUNDLE_LOADER = "$(TEST_HOST)";
				CODE_SIGN_STYLE = Automatic;
				INFOPLIST_FILE = YCDouYuZBTests/Info.plist;
				IPHONEOS_DEPLOYMENT_TARGET = 13.6;
				LD_RUNPATH_SEARCH_PATHS = (
					"$(inherited)",
					"@executable_path/Frameworks",
					"@loader_path/Frameworks",
				);
				PRODUCT_BUNDLE_IDENTIFIER = com.renyichun.YCDouYuZBTests;
				PRODUCT_NAME = "$(TARGET_NAME)";
				SWIFT_VERSION = 5.0;
				TARGETED_DEVICE_FAMILY = "1,2";
				TEST_HOST = "$(BUILT_PRODUCTS_DIR)/YCDouYuZB.app/YCDouYuZB";
			};
			name = Release;
		};
		05E3107B24FCFF5400552629 /* Debug */ = {
			isa = XCBuildConfiguration;
			buildSettings = {
				ALWAYS_EMBED_SWIFT_STANDARD_LIBRARIES = YES;
				CODE_SIGN_STYLE = Automatic;
				INFOPLIST_FILE = YCDouYuZBUITests/Info.plist;
				LD_RUNPATH_SEARCH_PATHS = (
					"$(inherited)",
					"@executable_path/Frameworks",
					"@loader_path/Frameworks",
				);
				PRODUCT_BUNDLE_IDENTIFIER = com.renyichun.YCDouYuZBUITests;
				PRODUCT_NAME = "$(TARGET_NAME)";
				SWIFT_VERSION = 5.0;
				TARGETED_DEVICE_FAMILY = "1,2";
				TEST_TARGET_NAME = YCDouYuZB;
			};
			name = Debug;
		};
		05E3107C24FCFF5400552629 /* Release */ = {
			isa = XCBuildConfiguration;
			buildSettings = {
				ALWAYS_EMBED_SWIFT_STANDARD_LIBRARIES = YES;
				CODE_SIGN_STYLE = Automatic;
				INFOPLIST_FILE = YCDouYuZBUITests/Info.plist;
				LD_RUNPATH_SEARCH_PATHS = (
					"$(inherited)",
					"@executable_path/Frameworks",
					"@loader_path/Frameworks",
				);
				PRODUCT_BUNDLE_IDENTIFIER = com.renyichun.YCDouYuZBUITests;
				PRODUCT_NAME = "$(TARGET_NAME)";
				SWIFT_VERSION = 5.0;
				TARGETED_DEVICE_FAMILY = "1,2";
				TEST_TARGET_NAME = YCDouYuZB;
			};
			name = Release;
		};
/* End XCBuildConfiguration section */

/* Begin XCConfigurationList section */
		05E3104524FCFF5200552629 /* Build configuration list for PBXProject "YCDouYuZB" */ = {
			isa = XCConfigurationList;
			buildConfigurations = (
				05E3107224FCFF5400552629 /* Debug */,
				05E3107324FCFF5400552629 /* Release */,
			);
			defaultConfigurationIsVisible = 0;
			defaultConfigurationName = Release;
		};
		05E3107424FCFF5400552629 /* Build configuration list for PBXNativeTarget "YCDouYuZB" */ = {
			isa = XCConfigurationList;
			buildConfigurations = (
				05E3107524FCFF5400552629 /* Debug */,
				05E3107624FCFF5400552629 /* Release */,
			);
			defaultConfigurationIsVisible = 0;
			defaultConfigurationName = Release;
		};
		05E3107724FCFF5400552629 /* Build configuration list for PBXNativeTarget "YCDouYuZBTests" */ = {
			isa = XCConfigurationList;
			buildConfigurations = (
				05E3107824FCFF5400552629 /* Debug */,
				05E3107924FCFF5400552629 /* Release */,
			);
			defaultConfigurationIsVisible = 0;
			defaultConfigurationName = Release;
		};
		05E3107A24FCFF5400552629 /* Build configuration list for PBXNativeTarget "YCDouYuZBUITests" */ = {
			isa = XCConfigurationList;
			buildConfigurations = (
				05E3107B24FCFF5400552629 /* Debug */,
				05E3107C24FCFF5400552629 /* Release */,
			);
			defaultConfigurationIsVisible = 0;
			defaultConfigurationName = Release;
		};
/* End XCConfigurationList section */
	};
	rootObject = 05E3104224FCFF5200552629 /* Project object */;
}
